
Microsoft Visual Studio Solution File, Format Version 12.00
# Visual Studio Version 16
VisualStudioVersion = 16.0.30523.141
MinimumVisualStudioVersion = 10.0.40219.1
Project("{9A19103F-16F7-4668-BE54-9A1E7A4F7556}") = "RetailStoreAPI", "RetailStoreAPI\RetailStoreAPI.csproj", "{E68DB62F-6E4C-456B-AE11-8AC985051BF7}"
EndProject
Project("{FAE04EC0-301F-11D3-BF4B-00C04F79EFBC}") = "StoreDAC", "StoreDAC\StoreDAC.csproj", "{ED68C9EC-A88C-4E96-8F6F-68D44050B285}"
EndProject
Project("{FAE04EC0-301F-11D3-BF4B-00C04F79EFBC}") = "StoreServices", "StoreServices\StoreServices.csproj", "{ADD445A7-75B5-423D-B060-34053C5C0E98}"
EndProject
Global
	GlobalSection(SolutionConfigurationPlatforms) = preSolution
		Debug|Any CPU = Debug|Any CPU
		Release|Any CPU = Release|Any CPU
	EndGlobalSection
	GlobalSection(ProjectConfigurationPlatforms) = postSolution
		{E68DB62F-6E4C-456B-AE11-8AC985051BF7}.Debug|Any CPU.ActiveCfg = Debug|Any CPU
		{E68DB62F-6E4C-456B-AE11-8AC985051BF7}.Debug|Any CPU.Build.0 = Debug|Any CPU
		{E68DB62F-6E4C-456B-AE11-8AC985051BF7}.Release|Any CPU.ActiveCfg = Release|Any CPU
		{E68DB62F-6E4C-456B-AE11-8AC985051BF7}.Release|Any CPU.Build.0 = Release|Any CPU
		{ED68C9EC-A88C-4E96-8F6F-68D44050B285}.Debug|Any CPU.ActiveCfg = Debug|Any CPU
		{ED68C9EC-A88C-4E96-8F6F-68D44050B285}.Debug|Any CPU.Build.0 = Debug|Any CPU
		{ED68C9EC-A88C-4E96-8F6F-68D44050B285}.Release|Any CPU.ActiveCfg = Release|Any CPU
		{ED68C9EC-A88C-4E96-8F6F-68D44050B285}.Release|Any CPU.Build.0 = Release|Any CPU
		{ADD445A7-75B5-423D-B060-34053C5C0E98}.Debug|Any CPU.ActiveCfg = Debug|Any CPU
		{ADD445A7-75B5-423D-B060-34053C5C0E98}.Debug|Any CPU.Build.0 = Debug|Any CPU
		{ADD445A7-75B5-423D-B060-34053C5C0E98}.Release|Any CPU.ActiveCfg = Release|Any CPU
		{ADD445A7-75B5-423D-B060-34053C5C0E98}.Release|Any CPU.Build.0 = Release|Any CPU
	EndGlobalSection
	GlobalSection(SolutionProperties) = preSolution
		HideSolutionNode = FALSE
	EndGlobalSection
	GlobalSection(ExtensibilityGlobals) = postSolution
		SolutionGuid = {BD27820A-7266-4A13-B5C9-5F71189ADF15}
	EndGlobalSection
EndGlobal
